
Microsoft Visual Studio Solution File, Format Version 12.00
# Visual Studio Version 17
VisualStudioVersion = 17.8.34525.116
MinimumVisualStudioVersion = 10.0.40219.1
Project("{9A19103F-16F7-4668-BE54-9A1E7A4F7556}") = "Aula", "Aula\Aula.csproj", "{51A1D453-475F-49AD-B235-57043EA87A07}"
EndProject
Project("{9A19103F-16F7-4668-BE54-9A1E7A4F7556}") = "Ex1", "Ex1\Ex1.csproj", "{5FEA1D68-3754-4E0B-A196-90F266189E1F}"
EndProject
Project("{9A19103F-16F7-4668-BE54-9A1E7A4F7556}") = "Ex2", "Ex2\Ex2.csproj", "{E3418BCF-D8DC-448A-B3FB-5D18C0409B7E}"
EndProject
Project("{9A19103F-16F7-4668-BE54-9A1E7A4F7556}") = "Ex3", "Ex3\Ex3.csproj", "{4071D523-0E15-467D-AAA7-BBE58550A298}"
EndProject
Project("{9A19103F-16F7-4668-BE54-9A1E7A4F7556}") = "Ex4", "Ex4\Ex4.csproj", "{6C7EA717-2432-4020-B19B-9DE584D9113F}"
EndProject
Project("{9A19103F-16F7-4668-BE54-9A1E7A4F7556}") = "Ex5", "Ex5\Ex5.csproj", "{E5A5DF54-25AF-4E39-80BE-2CD9F6F4119A}"
EndProject
Project("{9A19103F-16F7-4668-BE54-9A1E7A4F7556}") = "Ex6", "Ex6\Ex6.csproj", "{A7F844C6-CDB5-4DDC-9601-B88E2F93EF33}"
EndProject
Project("{9A19103F-16F7-4668-BE54-9A1E7A4F7556}") = "Ex7", "Ex7\Ex7.csproj", "{DA94B6F1-AE64-4E0D-8FAC-8E8532D1DE92}"
EndProject
Project("{9A19103F-16F7-4668-BE54-9A1E7A4F7556}") = "Ex8", "Ex8\Ex8.csproj", "{169D40CE-7F1E-4277-836E-B3B1B7C17AE6}"
EndProject
Project("{9A19103F-16F7-4668-BE54-9A1E7A4F7556}") = "Ex9", "Ex9\Ex9.csproj", "{1FD75B99-9973-4558-8735-0B41F8F20D49}"
EndProject
Project("{9A19103F-16F7-4668-BE54-9A1E7A4F7556}") = "Ex10", "Ex10\Ex10.csproj", "{5D1DDCB2-9DA3-47E4-939A-1F43A667E86A}"
EndProject
Project("{9A19103F-16F7-4668-BE54-9A1E7A4F7556}") = "Ex11", "Ex11\Ex11.csproj", "{82B29226-4F58-4097-A98C-E05D6B367F08}"
EndProject
Project("{9A19103F-16F7-4668-BE54-9A1E7A4F7556}") = "Ex12", "Ex12\Ex12.csproj", "{A68BDF6C-3A3D-4542-B904-A287D6DF7BC5}"
EndProject
Project("{9A19103F-16F7-4668-BE54-9A1E7A4F7556}") = "Ex13", "Ex13\Ex13.csproj", "{D7F59D4C-0969-4C8D-A91E-2DFF725C3D55}"
EndProject
Project("{FAE04EC0-301F-11D3-BF4B-00C04F79EFBC}") = "Ex14", "Ex14\Ex14.csproj", "{E501352E-93AD-46E0-9C81-2CEB3496BC00}"
EndProject
Project("{FAE04EC0-301F-11D3-BF4B-00C04F79EFBC}") = "Ex15", "Ex15\Ex15.csproj", "{CB34F25A-EC4B-45AB-93D5-24CF3BC39445}"
EndProject
Global
	GlobalSection(SolutionConfigurationPlatforms) = preSolution
		Debug|Any CPU = Debug|Any CPU
		Release|Any CPU = Release|Any CPU
	EndGlobalSection
	GlobalSection(ProjectConfigurationPlatforms) = postSolution
		{51A1D453-475F-49AD-B235-57043EA87A07}.Debug|Any CPU.ActiveCfg = Debug|Any CPU
		{51A1D453-475F-49AD-B235-57043EA87A07}.Debug|Any CPU.Build.0 = Debug|Any CPU
		{51A1D453-475F-49AD-B235-57043EA87A07}.Release|Any CPU.ActiveCfg = Release|Any CPU
		{51A1D453-475F-49AD-B235-57043EA87A07}.Release|Any CPU.Build.0 = Release|Any CPU
		{5FEA1D68-3754-4E0B-A196-90F266189E1F}.Debug|Any CPU.ActiveCfg = Debug|Any CPU
		{5FEA1D68-3754-4E0B-A196-90F266189E1F}.Debug|Any CPU.Build.0 = Debug|Any CPU
		{5FEA1D68-3754-4E0B-A196-90F266189E1F}.Release|Any CPU.ActiveCfg = Release|Any CPU
		{5FEA1D68-3754-4E0B-A196-90F266189E1F}.Release|Any CPU.Build.0 = Release|Any CPU
		{E3418BCF-D8DC-448A-B3FB-5D18C0409B7E}.Debug|Any CPU.ActiveCfg = Debug|Any CPU
		{E3418BCF-D8DC-448A-B3FB-5D18C0409B7E}.Debug|Any CPU.Build.0 = Debug|Any CPU
		{E3418BCF-D8DC-448A-B3FB-5D18C0409B7E}.Release|Any CPU.ActiveCfg = Release|Any CPU
		{E3418BCF-D8DC-448A-B3FB-5D18C0409B7E}.Release|Any CPU.Build.0 = Release|Any CPU
		{4071D523-0E15-467D-AAA7-BBE58550A298}.Debug|Any CPU.ActiveCfg = Debug|Any CPU
		{4071D523-0E15-467D-AAA7-BBE58550A298}.Debug|Any CPU.Build.0 = Debug|Any CPU
		{4071D523-0E15-467D-AAA7-BBE58550A298}.Release|Any CPU.ActiveCfg = Release|Any CPU
		{4071D523-0E15-467D-AAA7-BBE58550A298}.Release|Any CPU.Build.0 = Release|Any CPU
		{6C7EA717-2432-4020-B19B-9DE584D9113F}.Debug|Any CPU.ActiveCfg = Debug|Any CPU
		{6C7EA717-2432-4020-B19B-9DE584D9113F}.Debug|Any CPU.Build.0 = Debug|Any CPU
		{6C7EA717-2432-4020-B19B-9DE584D9113F}.Release|Any CPU.ActiveCfg = Release|Any CPU
		{6C7EA717-2432-4020-B19B-9DE584D9113F}.Release|Any CPU.Build.0 = Release|Any CPU
		{E5A5DF54-25AF-4E39-80BE-2CD9F6F4119A}.Debug|Any CPU.ActiveCfg = Debug|Any CPU
		{E5A5DF54-25AF-4E39-80BE-2CD9F6F4119A}.Debug|Any CPU.Build.0 = Debug|Any CPU
		{E5A5DF54-25AF-4E39-80BE-2CD9F6F4119A}.Release|Any CPU.ActiveCfg = Release|Any CPU
		{E5A5DF54-25AF-4E39-80BE-2CD9F6F4119A}.Release|Any CPU.Build.0 = Release|Any CPU
		{A7F844C6-CDB5-4DDC-9601-B88E2F93EF33}.Debug|Any CPU.ActiveCfg = Debug|Any CPU
		{A7F844C6-CDB5-4DDC-9601-B88E2F93EF33}.Debug|Any CPU.Build.0 = Debug|Any CPU
		{A7F844C6-CDB5-4DDC-9601-B88E2F93EF33}.Release|Any CPU.ActiveCfg = Release|Any CPU
		{A7F844C6-CDB5-4DDC-9601-B88E2F93EF33}.Release|Any CPU.Build.0 = Release|Any CPU
		{DA94B6F1-AE64-4E0D-8FAC-8E8532D1DE92}.Debug|Any CPU.ActiveCfg = Debug|Any CPU
		{DA94B6F1-AE64-4E0D-8FAC-8E8532D1DE92}.Debug|Any CPU.Build.0 = Debug|Any CPU
		{DA94B6F1-AE64-4E0D-8FAC-8E8532D1DE92}.Release|Any CPU.ActiveCfg = Release|Any CPU
		{DA94B6F1-AE64-4E0D-8FAC-8E8532D1DE92}.Release|Any CPU.Build.0 = Release|Any CPU
		{169D40CE-7F1E-4277-836E-B3B1B7C17AE6}.Debug|Any CPU.ActiveCfg = Debug|Any CPU
		{169D40CE-7F1E-4277-836E-B3B1B7C17AE6}.Debug|Any CPU.Build.0 = Debug|Any CPU
		{169D40CE-7F1E-4277-836E-B3B1B7C17AE6}.Release|Any CPU.ActiveCfg = Release|Any CPU
		{169D40CE-7F1E-4277-836E-B3B1B7C17AE6}.Release|Any CPU.Build.0 = Release|Any CPU
		{1FD75B99-9973-4558-8735-0B41F8F20D49}.Debug|Any CPU.ActiveCfg = Debug|Any CPU
		{1FD75B99-9973-4558-8735-0B41F8F20D49}.Debug|Any CPU.Build.0 = Debug|Any CPU
		{1FD75B99-9973-4558-8735-0B41F8F20D49}.Release|Any CPU.ActiveCfg = Release|Any CPU
		{1FD75B99-9973-4558-8735-0B41F8F20D49}.Release|Any CPU.Build.0 = Release|Any CPU
		{5D1DDCB2-9DA3-47E4-939A-1F43A667E86A}.Debug|Any CPU.ActiveCfg = Debug|Any CPU
		{5D1DDCB2-9DA3-47E4-939A-1F43A667E86A}.Debug|Any CPU.Build.0 = Debug|Any CPU
		{5D1DDCB2-9DA3-47E4-939A-1F43A667E86A}.Release|Any CPU.ActiveCfg = Release|Any CPU
		{5D1DDCB2-9DA3-47E4-939A-1F43A667E86A}.Release|Any CPU.Build.0 = Release|Any CPU
		{82B29226-4F58-4097-A98C-E05D6B367F08}.Debug|Any CPU.ActiveCfg = Debug|Any CPU
		{82B29226-4F58-4097-A98C-E05D6B367F08}.Debug|Any CPU.Build.0 = Debug|Any CPU
		{82B29226-4F58-4097-A98C-E05D6B367F08}.Release|Any CPU.ActiveCfg = Release|Any CPU
		{82B29226-4F58-4097-A98C-E05D6B367F08}.Release|Any CPU.Build.0 = Release|Any CPU
		{A68BDF6C-3A3D-4542-B904-A287D6DF7BC5}.Debug|Any CPU.ActiveCfg = Debug|Any CPU
		{A68BDF6C-3A3D-4542-B904-A287D6DF7BC5}.Debug|Any CPU.Build.0 = Debug|Any CPU
		{A68BDF6C-3A3D-4542-B904-A287D6DF7BC5}.Release|Any CPU.ActiveCfg = Release|Any CPU
		{A68BDF6C-3A3D-4542-B904-A287D6DF7BC5}.Release|Any CPU.Build.0 = Release|Any CPU
		{D7F59D4C-0969-4C8D-A91E-2DFF725C3D55}.Debug|Any CPU.ActiveCfg = Debug|Any CPU
		{D7F59D4C-0969-4C8D-A91E-2DFF725C3D55}.Debug|Any CPU.Build.0 = Debug|Any CPU
		{D7F59D4C-0969-4C8D-A91E-2DFF725C3D55}.Release|Any CPU.ActiveCfg = Release|Any CPU
		{D7F59D4C-0969-4C8D-A91E-2DFF725C3D55}.Release|Any CPU.Build.0 = Release|Any CPU
		{E501352E-93AD-46E0-9C81-2CEB3496BC00}.Debug|Any CPU.ActiveCfg = Debug|Any CPU
		{E501352E-93AD-46E0-9C81-2CEB3496BC00}.Debug|Any CPU.Build.0 = Debug|Any CPU
		{E501352E-93AD-46E0-9C81-2CEB3496BC00}.Release|Any CPU.ActiveCfg = Release|Any CPU
		{E501352E-93AD-46E0-9C81-2CEB3496BC00}.Release|Any CPU.Build.0 = Release|Any CPU
		{CB34F25A-EC4B-45AB-93D5-24CF3BC39445}.Debug|Any CPU.ActiveCfg = Debug|Any CPU
		{CB34F25A-EC4B-45AB-93D5-24CF3BC39445}.Debug|Any CPU.Build.0 = Debug|Any CPU
		{CB34F25A-EC4B-45AB-93D5-24CF3BC39445}.Release|Any CPU.ActiveCfg = Release|Any CPU
		{CB34F25A-EC4B-45AB-93D5-24CF3BC39445}.Release|Any CPU.Build.0 = Release|Any CPU
	EndGlobalSection
	GlobalSection(SolutionProperties) = preSolution
		HideSolutionNode = FALSE
	EndGlobalSection
	GlobalSection(ExtensibilityGlobals) = postSolution
		SolutionGuid = {14CDFF17-715B-43A5-B748-F48955B90705}
	EndGlobalSection
EndGlobal
